{
  "name": "cg-course",
  "lockfileVersion": 2,
  "requires": true,
  "packages": {
    "": {
      "dependencies": {
        "three": "^0.152.2",
        "three.interaction": "^0.2.3",
        "threex.domevents": "^1.0.1",
        "tween.js": "^16.6.0"
      }
    },
    "node_modules/three": {
      "version": "0.152.2",
      "license": "MIT"
    },
    "node_modules/three.interaction": {
      "version": "0.2.3",
      "license": "MIT",
      "peerDependencies": {
        "three": "^0.89.0"
      }
    },
    "node_modules/threex.domevents": {
      "version": "1.0.1",
      "license": "ISC"
    },
    "node_modules/tween.js": {
      "version": "16.6.0",
      "resolved": "https://registry.npmjs.org/tween.js/-/tween.js-16.6.0.tgz",
      "integrity": "sha512-IIhm0VsiBxNJO+WsXUvjcq+u3sKfOwSu67Yh9T5xSpXb2eHHi9+uZDDGBc7uMXjfud0bYiLkYCEb7JXIGXi5KA==",
      "deprecated": "This package has moved to @tweenjs/tween.js. Please update your dependencies."
    }
  },
  "dependencies": {
    "three": {
      "version": "0.152.2"
    },
    "three.interaction": {
      "version": "0.2.3",
      "requires": {}
    },
    "threex.domevents": {
      "version": "1.0.1"
    },
    "tween.js": {
      "version": "16.6.0",
      "resolved": "https://registry.npmjs.org/tween.js/-/tween.js-16.6.0.tgz",
      "integrity": "sha512-IIhm0VsiBxNJO+WsXUvjcq+u3sKfOwSu67Yh9T5xSpXb2eHHi9+uZDDGBc7uMXjfud0bYiLkYCEb7JXIGXi5KA=="
    }
  }
}
